
Microsoft Visual Studio Solution File, Format Version 12.00
# Visual Studio Version 17
VisualStudioVersion = 17.14.36301.6 d17.14
MinimumVisualStudioVersion = 10.0.40219.1
Project("{FAE04EC0-301F-11D3-BF4B-00C04F79EFBC}") = "backend", "backend\backend.csproj", "{B45231B3-19BF-4A49-A66C-CE0C67390AA4}"
EndProject
Global
	GlobalSection(SolutionConfigurationPlatforms) = preSolution
		Debug|Any CPU = Debug|Any CPU
		Release|Any CPU = Release|Any CPU
	EndGlobalSection
	GlobalSection(ProjectConfigurationPlatforms) = postSolution
		{B45231B3-19BF-4A49-A66C-CE0C67390AA4}.Debug|Any CPU.ActiveCfg = Debug|Any CPU
		{B45231B3-19BF-4A49-A66C-CE0C67390AA4}.Debug|Any CPU.Build.0 = Debug|Any CPU
		{B45231B3-19BF-4A49-A66C-CE0C67390AA4}.Release|Any CPU.ActiveCfg = Release|Any CPU
		{B45231B3-19BF-4A49-A66C-CE0C67390AA4}.Release|Any CPU.Build.0 = Release|Any CPU
	EndGlobalSection
	GlobalSection(SolutionProperties) = preSolution
		HideSolutionNode = FALSE
	EndGlobalSection
	GlobalSection(ExtensibilityGlobals) = postSolution
		SolutionGuid = {ECA951C9-923D-4894-BC2F-0CCC537A6065}
	EndGlobalSection
EndGlobal
